# This file is automatically @generated by Cargo.
# It is not intended for manual editing.
version = 3

[[package]]
name = "bitflags"
version = "1.3.2"
source = "registry+https://github.com/rust-lang/crates.io-index"
checksum = "bef38d45163c2f1dde094a7dfd33ccf595c92905c8f8f4fdc18d06fb1037718a"

[[package]]
name = "features"
version = "0.10.0"
source = "registry+https://github.com/rust-lang/crates.io-index"
checksum = "83072b3c84e55f9d0c0ff36a4575d0fd2e543ae4a56e04e7f5a9222188d574e3"
dependencies = [
 "bitflags",
]

[[package]]
name = "rust_async_examples"
version = "0.1.0"
dependencies = [
 "features",
]
